
Microsoft Visual Studio Solution File, Format Version 12.00
# Visual Studio 15
VisualStudioVersion = 15.0.27428.2027
MinimumVisualStudioVersion = 10.0.40219.1
Project("{FAE04EC0-301F-11D3-BF4B-00C04F79EFBC}") = "KonixApp.Android", "KonixApp\KonixApp.Android\KonixApp.Android.csproj", "{AB002317-DBE2-49A0-861F-EA16CF085471}"
EndProject
Project("{FAE04EC0-301F-11D3-BF4B-00C04F79EFBC}") = "KonixApp.iOS", "KonixApp\KonixApp.iOS\KonixApp.iOS.csproj", "{BF18EE0F-D4B1-47F1-8CDC-04E1566B918D}"
EndProject
Project("{FAE04EC0-301F-11D3-BF4B-00C04F79EFBC}") = "KonixApp", "KonixApp\KonixApp\KonixApp.csproj", "{CC6B8D14-63F6-48E2-B883-DE6FFC5EA2BB}"
EndProject
Global
	GlobalSection(SolutionConfigurationPlatforms) = preSolution
		Ad-Hoc|Any CPU = Ad-Hoc|Any CPU
		Ad-Hoc|iPhone = Ad-Hoc|iPhone
		Ad-Hoc|iPhoneSimulator = Ad-Hoc|iPhoneSimulator
		AppStore|Any CPU = AppStore|Any CPU
		AppStore|iPhone = AppStore|iPhone
		AppStore|iPhoneSimulator = AppStore|iPhoneSimulator
		Debug|Any CPU = Debug|Any CPU
		Debug|iPhone = Debug|iPhone
		Debug|iPhoneSimulator = Debug|iPhoneSimulator
		Release|Any CPU = Release|Any CPU
		Release|iPhone = Release|iPhone
		Release|iPhoneSimulator = Release|iPhoneSimulator
	EndGlobalSection
	GlobalSection(ProjectConfigurationPlatforms) = postSolution
		{AB002317-DBE2-49A0-861F-EA16CF085471}.Ad-Hoc|Any CPU.ActiveCfg = Release|Any CPU
		{AB002317-DBE2-49A0-861F-EA16CF085471}.Ad-Hoc|Any CPU.Build.0 = Release|Any CPU
		{AB002317-DBE2-49A0-861F-EA16CF085471}.Ad-Hoc|Any CPU.Deploy.0 = Release|Any CPU
		{AB002317-DBE2-49A0-861F-EA16CF085471}.Ad-Hoc|iPhone.ActiveCfg = Release|Any CPU
		{AB002317-DBE2-49A0-861F-EA16CF085471}.Ad-Hoc|iPhone.Build.0 = Release|Any CPU
		{AB002317-DBE2-49A0-861F-EA16CF085471}.Ad-Hoc|iPhone.Deploy.0 = Release|Any CPU
		{AB002317-DBE2-49A0-861F-EA16CF085471}.Ad-Hoc|iPhoneSimulator.ActiveCfg = Release|Any CPU
		{AB002317-DBE2-49A0-861F-EA16CF085471}.Ad-Hoc|iPhoneSimulator.Build.0 = Release|Any CPU
		{AB002317-DBE2-49A0-861F-EA16CF085471}.Ad-Hoc|iPhoneSimulator.Deploy.0 = Release|Any CPU
		{AB002317-DBE2-49A0-861F-EA16CF085471}.AppStore|Any CPU.ActiveCfg = Release|Any CPU
		{AB002317-DBE2-49A0-861F-EA16CF085471}.AppStore|Any CPU.Build.0 = Release|Any CPU
		{AB002317-DBE2-49A0-861F-EA16CF085471}.AppStore|Any CPU.Deploy.0 = Release|Any CPU
		{AB002317-DBE2-49A0-861F-EA16CF085471}.AppStore|iPhone.ActiveCfg = Release|Any CPU
		{AB002317-DBE2-49A0-861F-EA16CF085471}.AppStore|iPhone.Build.0 = Release|Any CPU
		{AB002317-DBE2-49A0-861F-EA16CF085471}.AppStore|iPhone.Deploy.0 = Release|Any CPU
		{AB002317-DBE2-49A0-861F-EA16CF085471}.AppStore|iPhoneSimulator.ActiveCfg = Release|Any CPU
		{AB002317-DBE2-49A0-861F-EA16CF085471}.AppStore|iPhoneSimulator.Build.0 = Release|Any CPU
		{AB002317-DBE2-49A0-861F-EA16CF085471}.AppStore|iPhoneSimulator.Deploy.0 = Release|Any CPU
		{AB002317-DBE2-49A0-861F-EA16CF085471}.Debug|Any CPU.ActiveCfg = Debug|Any CPU
		{AB002317-DBE2-49A0-861F-EA16CF085471}.Debug|Any CPU.Build.0 = Debug|Any CPU
		{AB002317-DBE2-49A0-861F-EA16CF085471}.Debug|Any CPU.Deploy.0 = Debug|Any CPU
		{AB002317-DBE2-49A0-861F-EA16CF085471}.Debug|iPhone.ActiveCfg = Debug|Any CPU
		{AB002317-DBE2-49A0-861F-EA16CF085471}.Debug|iPhone.Build.0 = Debug|Any CPU
		{AB002317-DBE2-49A0-861F-EA16CF085471}.Debug|iPhone.Deploy.0 = Debug|Any CPU
		{AB002317-DBE2-49A0-861F-EA16CF085471}.Debug|iPhoneSimulator.ActiveCfg = Debug|Any CPU
		{AB002317-DBE2-49A0-861F-EA16CF085471}.Debug|iPhoneSimulator.Build.0 = Debug|Any CPU
		{AB002317-DBE2-49A0-861F-EA16CF085471}.Debug|iPhoneSimulator.Deploy.0 = Debug|Any CPU
		{AB002317-DBE2-49A0-861F-EA16CF085471}.Release|Any CPU.ActiveCfg = Release|Any CPU
		{AB002317-DBE2-49A0-861F-EA16CF085471}.Release|Any CPU.Build.0 = Release|Any CPU
		{AB002317-DBE2-49A0-861F-EA16CF085471}.Release|Any CPU.Deploy.0 = Release|Any CPU
		{AB002317-DBE2-49A0-861F-EA16CF085471}.Release|iPhone.ActiveCfg = Release|Any CPU
		{AB002317-DBE2-49A0-861F-EA16CF085471}.Release|iPhone.Build.0 = Release|Any CPU
		{AB002317-DBE2-49A0-861F-EA16CF085471}.Release|iPhone.Deploy.0 = Release|Any CPU
		{AB002317-DBE2-49A0-861F-EA16CF085471}.Release|iPhoneSimulator.ActiveCfg = Release|Any CPU
		{AB002317-DBE2-49A0-861F-EA16CF085471}.Release|iPhoneSimulator.Build.0 = Release|Any CPU
		{AB002317-DBE2-49A0-861F-EA16CF085471}.Release|iPhoneSimulator.Deploy.0 = Release|Any CPU
		{BF18EE0F-D4B1-47F1-8CDC-04E1566B918D}.Ad-Hoc|Any CPU.ActiveCfg = Ad-Hoc|iPhone
		{BF18EE0F-D4B1-47F1-8CDC-04E1566B918D}.Ad-Hoc|iPhone.ActiveCfg = Ad-Hoc|iPhone
		{BF18EE0F-D4B1-47F1-8CDC-04E1566B918D}.Ad-Hoc|iPhone.Build.0 = Ad-Hoc|iPhone
		{BF18EE0F-D4B1-47F1-8CDC-04E1566B918D}.Ad-Hoc|iPhoneSimulator.ActiveCfg = Ad-Hoc|iPhoneSimulator
		{BF18EE0F-D4B1-47F1-8CDC-04E1566B918D}.Ad-Hoc|iPhoneSimulator.Build.0 = Ad-Hoc|iPhoneSimulator
		{BF18EE0F-D4B1-47F1-8CDC-04E1566B918D}.AppStore|Any CPU.ActiveCfg = AppStore|iPhone
		{BF18EE0F-D4B1-47F1-8CDC-04E1566B918D}.AppStore|iPhone.ActiveCfg = AppStore|iPhone
		{BF18EE0F-D4B1-47F1-8CDC-04E1566B918D}.AppStore|iPhone.Build.0 = AppStore|iPhone
		{BF18EE0F-D4B1-47F1-8CDC-04E1566B918D}.AppStore|iPhoneSimulator.ActiveCfg = AppStore|iPhoneSimulator
		{BF18EE0F-D4B1-47F1-8CDC-04E1566B918D}.AppStore|iPhoneSimulator.Build.0 = AppStore|iPhoneSimulator
		{BF18EE0F-D4B1-47F1-8CDC-04E1566B918D}.Debug|Any CPU.ActiveCfg = Debug|iPhone
		{BF18EE0F-D4B1-47F1-8CDC-04E1566B918D}.Debug|iPhone.ActiveCfg = Debug|iPhone
		{BF18EE0F-D4B1-47F1-8CDC-04E1566B918D}.Debug|iPhone.Build.0 = Debug|iPhone
		{BF18EE0F-D4B1-47F1-8CDC-04E1566B918D}.Debug|iPhoneSimulator.ActiveCfg = Debug|iPhoneSimulator
		{BF18EE0F-D4B1-47F1-8CDC-04E1566B918D}.Debug|iPhoneSimulator.Build.0 = Debug|iPhoneSimulator
		{BF18EE0F-D4B1-47F1-8CDC-04E1566B918D}.Release|Any CPU.ActiveCfg = Release|iPhone
		{BF18EE0F-D4B1-47F1-8CDC-04E1566B918D}.Release|iPhone.ActiveCfg = Release|iPhone
		{BF18EE0F-D4B1-47F1-8CDC-04E1566B918D}.Release|iPhone.Build.0 = Release|iPhone
		{BF18EE0F-D4B1-47F1-8CDC-04E1566B918D}.Release|iPhoneSimulator.ActiveCfg = Release|iPhoneSimulator
		{BF18EE0F-D4B1-47F1-8CDC-04E1566B918D}.Release|iPhoneSimulator.Build.0 = Release|iPhoneSimulator
		{CC6B8D14-63F6-48E2-B883-DE6FFC5EA2BB}.Ad-Hoc|Any CPU.ActiveCfg = Debug|Any CPU
		{CC6B8D14-63F6-48E2-B883-DE6FFC5EA2BB}.Ad-Hoc|Any CPU.Build.0 = Debug|Any CPU
		{CC6B8D14-63F6-48E2-B883-DE6FFC5EA2BB}.Ad-Hoc|iPhone.ActiveCfg = Debug|Any CPU
		{CC6B8D14-63F6-48E2-B883-DE6FFC5EA2BB}.Ad-Hoc|iPhone.Build.0 = Debug|Any CPU
		{CC6B8D14-63F6-48E2-B883-DE6FFC5EA2BB}.Ad-Hoc|iPhoneSimulator.ActiveCfg = Debug|Any CPU
		{CC6B8D14-63F6-48E2-B883-DE6FFC5EA2BB}.Ad-Hoc|iPhoneSimulator.Build.0 = Debug|Any CPU
		{CC6B8D14-63F6-48E2-B883-DE6FFC5EA2BB}.AppStore|Any CPU.ActiveCfg = Debug|Any CPU
		{CC6B8D14-63F6-48E2-B883-DE6FFC5EA2BB}.AppStore|Any CPU.Build.0 = Debug|Any CPU
		{CC6B8D14-63F6-48E2-B883-DE6FFC5EA2BB}.AppStore|iPhone.ActiveCfg = Debug|Any CPU
		{CC6B8D14-63F6-48E2-B883-DE6FFC5EA2BB}.AppStore|iPhone.Build.0 = Debug|Any CPU
		{CC6B8D14-63F6-48E2-B883-DE6FFC5EA2BB}.AppStore|iPhoneSimulator.ActiveCfg = Debug|Any CPU
		{CC6B8D14-63F6-48E2-B883-DE6FFC5EA2BB}.AppStore|iPhoneSimulator.Build.0 = Debug|Any CPU
		{CC6B8D14-63F6-48E2-B883-DE6FFC5EA2BB}.Debug|Any CPU.ActiveCfg = Debug|Any CPU
		{CC6B8D14-63F6-48E2-B883-DE6FFC5EA2BB}.Debug|Any CPU.Build.0 = Debug|Any CPU
		{CC6B8D14-63F6-48E2-B883-DE6FFC5EA2BB}.Debug|iPhone.ActiveCfg = Debug|Any CPU
		{CC6B8D14-63F6-48E2-B883-DE6FFC5EA2BB}.Debug|iPhone.Build.0 = Debug|Any CPU
		{CC6B8D14-63F6-48E2-B883-DE6FFC5EA2BB}.Debug|iPhoneSimulator.ActiveCfg = Debug|Any CPU
		{CC6B8D14-63F6-48E2-B883-DE6FFC5EA2BB}.Debug|iPhoneSimulator.Build.0 = Debug|Any CPU
		{CC6B8D14-63F6-48E2-B883-DE6FFC5EA2BB}.Release|Any CPU.ActiveCfg = Release|Any CPU
		{CC6B8D14-63F6-48E2-B883-DE6FFC5EA2BB}.Release|Any CPU.Build.0 = Release|Any CPU
		{CC6B8D14-63F6-48E2-B883-DE6FFC5EA2BB}.Release|iPhone.ActiveCfg = Release|Any CPU
		{CC6B8D14-63F6-48E2-B883-DE6FFC5EA2BB}.Release|iPhone.Build.0 = Release|Any CPU
		{CC6B8D14-63F6-48E2-B883-DE6FFC5EA2BB}.Release|iPhoneSimulator.ActiveCfg = Release|Any CPU
		{CC6B8D14-63F6-48E2-B883-DE6FFC5EA2BB}.Release|iPhoneSimulator.Build.0 = Release|Any CPU
	EndGlobalSection
	GlobalSection(SolutionProperties) = preSolution
		HideSolutionNode = FALSE
	EndGlobalSection
	GlobalSection(ExtensibilityGlobals) = postSolution
		SolutionGuid = {4FEA3218-1FA7-44BB-A73F-DC5C7C576292}
	EndGlobalSection
EndGlobal
